{
  "requires": true,
  "lockfileVersion": 1,
  "dependencies": {
    "yall-js": {
      "version": "3.1.7",
      "resolved": "https://registry.npmjs.org/yall-js/-/yall-js-3.1.7.tgz",
      "integrity": "sha512-rCuaO7El9dQOffYxhMzeW98vBeSVcPErUSx+c9RvfNFpoF/Ep1hyt7FIDqA3XSM0xwMXtYVNXnkuBwvAY9E1GQ=="
    }
  }
}
